// !$*UTF8*$!
{
	archiveVersion = 1;
	classes = {
	};
	objectVersion = 51;
	objects = {

/* Begin PBXBuildFile section */
		110CC0318B02843F983CCD67 /* Pods_Voting_App_1.framework in Frameworks */ = {isa = PBXBuildFile; fileRef = C40E5D6F5AC58901CB92D60F /* Pods_Voting_App_1.framework */; };
		874672DE24456483004635B7 /* AppDelegate.swift in Sources */ = {isa = PBXBuildFile; fileRef = 874672DD24456483004635B7 /* AppDelegate.swift */; };
		874672E024456483004635B7 /* SceneDelegate.swift in Sources */ = {isa = PBXBuildFile; fileRef = 874672DF24456483004635B7 /* SceneDelegate.swift */; };
		874672E224456483004635B7 /* FirstView.swift in Sources */ = {isa = PBXBuildFile; fileRef = 874672E124456483004635B7 /* FirstView.swift */; };
		874672E42445648E004635B7 /* Assets.xcassets in Resources */ = {isa = PBXBuildFile; fileRef = 874672E32445648E004635B7 /* Assets.xcassets */; };
		874672E72445648E004635B7 /* Preview Assets.xcassets in Resources */ = {isa = PBXBuildFile; fileRef = 874672E62445648E004635B7 /* Preview Assets.xcassets */; };
		874672EA2445648E004635B7 /* LaunchScreen.storyboard in Resources */ = {isa = PBXBuildFile; fileRef = 874672E82445648E004635B7 /* LaunchScreen.storyboard */; };
		8770B9B324609EBC00205FF0 /* EditableCandidatePage.swift in Sources */ = {isa = PBXBuildFile; fileRef = 8770B9B224609EBC00205FF0 /* EditableCandidatePage.swift */; };
		87D95DC42457654500269B73 /* CandidatePage.swift in Sources */ = {isa = PBXBuildFile; fileRef = 87D95DC32457654500269B73 /* CandidatePage.swift */; };
		87D95DC6245765B600269B73 /* ListPage.swift in Sources */ = {isa = PBXBuildFile; fileRef = 87D95DC5245765B600269B73 /* ListPage.swift */; };
		87F29A96246A1BD900A284E0 /* Vote.swift in Sources */ = {isa = PBXBuildFile; fileRef = 87F29A95246A1BD900A284E0 /* Vote.swift */; };
		87F9CDC3244E2AE800FAAF7D /* GoogleService-Info (1).plist in Resources */ = {isa = PBXBuildFile; fileRef = 87F9CDC2244E2AE800FAAF7D /* GoogleService-Info (1).plist */; };
		87F9CDC5244E57B900FAAF7D /* AppManager.swift in Sources */ = {isa = PBXBuildFile; fileRef = 87F9CDC4244E57B900FAAF7D /* AppManager.swift */; };
/* End PBXBuildFile section */

/* Begin PBXFileReference section */
		017EBA1053196772E152452E /* Pods-Voting App 1.debug.xcconfig */ = {isa = PBXFileReference; includeInIndex = 1; lastKnownFileType = text.xcconfig; name = "Pods-Voting App 1.debug.xcconfig"; path = "Target Support Files/Pods-Voting App 1/Pods-Voting App 1.debug.xcconfig"; sourceTree = "<group>"; };
		744EA944F5452EC2DAED189C /* Pods-Voting App 1.release.xcconfig */ = {isa = PBXFileReference; includeInIndex = 1; lastKnownFileType = text.xcconfig; name = "Pods-Voting App 1.release.xcconfig"; path = "Target Support Files/Pods-Voting App 1/Pods-Voting App 1.release.xcconfig"; sourceTree = "<group>"; };
		874672DA24456483004635B7 /* Voting App 1.app */ = {isa = PBXFileReference; explicitFileType = wrapper.application; includeInIndex = 0; path = "Voting App 1.app"; sourceTree = BUILT_PRODUCTS_DIR; };
		874672DD24456483004635B7 /* AppDelegate.swift */ = {isa = PBXFileReference; lastKnownFileType = sourcecode.swift; path = AppDelegate.swift; sourceTree = "<group>"; };
		874672DF24456483004635B7 /* SceneDelegate.swift */ = {isa = PBXFileReference; lastKnownFileType = sourcecode.swift; path = SceneDelegate.swift; sourceTree = "<group>"; };
		874672E124456483004635B7 /* FirstView.swift */ = {isa = PBXFileReference; lastKnownFileType = sourcecode.swift; path = FirstView.swift; sourceTree = "<group>"; };
		874672E32445648E004635B7 /* Assets.xcassets */ = {isa = PBXFileReference; lastKnownFileType = folder.assetcatalog; path = Assets.xcassets; sourceTree = "<group>"; };
		874672E62445648E004635B7 /* Preview Assets.xcassets */ = {isa = PBXFileReference; lastKnownFileType = folder.assetcatalog; path = "Preview Assets.xcassets"; sourceTree = "<group>"; };
		874672E92445648E004635B7 /* Base */ = {isa = PBXFileReference; lastKnownFileType = file.storyboard; name = Base; path = Base.lproj/LaunchScreen.storyboard; sourceTree = "<group>"; };
		874672EB2445648E004635B7 /* Info.plist */ = {isa = PBXFileReference; lastKnownFileType = text.plist.xml; path = Info.plist; sourceTree = "<group>"; };
		8770B9B224609EBC00205FF0 /* EditableCandidatePage.swift */ = {isa = PBXFileReference; lastKnownFileType = sourcecode.swift; path = EditableCandidatePage.swift; sourceTree = "<group>"; };
		87D95DC32457654500269B73 /* CandidatePage.swift */ = {isa = PBXFileReference; lastKnownFileType = sourcecode.swift; path = CandidatePage.swift; sourceTree = "<group>"; };
		87D95DC5245765B600269B73 /* ListPage.swift */ = {isa = PBXFileReference; lastKnownFileType = sourcecode.swift; path = ListPage.swift; sourceTree = "<group>"; };
		87F29A95246A1BD900A284E0 /* Vote.swift */ = {isa = PBXFileReference; lastKnownFileType = sourcecode.swift; path = Vote.swift; sourceTree = "<group>"; };
		87F9CDC2244E2AE800FAAF7D /* GoogleService-Info (1).plist */ = {isa = PBXFileReference; fileEncoding = 4; lastKnownFileType = text.plist.xml; path = "GoogleService-Info (1).plist"; sourceTree = "<group>"; };
		87F9CDC4244E57B900FAAF7D /* AppManager.swift */ = {isa = PBXFileReference; lastKnownFileType = sourcecode.swift; path = AppManager.swift; sourceTree = "<group>"; };
		C40E5D6F5AC58901CB92D60F /* Pods_Voting_App_1.framework */ = {isa = PBXFileReference; explicitFileType = wrapper.framework; includeInIndex = 0; path = Pods_Voting_App_1.framework; sourceTree = BUILT_PRODUCTS_DIR; };
/* End PBXFileReference section */

/* Begin PBXFrameworksBuildPhase section */
		874672D724456483004635B7 /* Frameworks */ = {
			isa = PBXFrameworksBuildPhase;
			buildActionMask = 2147483647;
			files = (
				110CC0318B02843F983CCD67 /* Pods_Voting_App_1.framework in Frameworks */,
			);
			runOnlyForDeploymentPostprocessing = 0;
		};
/* End PBXFrameworksBuildPhase section */

/* Begin PBXGroup section */
		66B8AAE3BE96F4C511088896 /* Pods */ = {
			isa = PBXGroup;
			children = (
				017EBA1053196772E152452E /* Pods-Voting App 1.debug.xcconfig */,
				744EA944F5452EC2DAED189C /* Pods-Voting App 1.release.xcconfig */,
			);
			path = Pods;
			sourceTree = "<group>";
		};
		874672D124456482004635B7 = {
			isa = PBXGroup;
			children = (
				874672DC24456483004635B7 /* Voting App 1 */,
				874672DB24456483004635B7 /* Products */,
				66B8AAE3BE96F4C511088896 /* Pods */,
				FAC8BB3FE0A024975C6E3D46 /* Frameworks */,
			);
			sourceTree = "<group>";
		};
		874672DB24456483004635B7 /* Products */ = {
			isa = PBXGroup;
			children = (
				874672DA24456483004635B7 /* Voting App 1.app */,
			);
			name = Products;
			sourceTree = "<group>";
		};
		874672DC24456483004635B7 /* Voting App 1 */ = {
			isa = PBXGroup;
			children = (
				874672DD24456483004635B7 /* AppDelegate.swift */,
				874672DF24456483004635B7 /* SceneDelegate.swift */,
				87F9CDC4244E57B900FAAF7D /* AppManager.swift */,
				874672E32445648E004635B7 /* Assets.xcassets */,
				874672E82445648E004635B7 /* LaunchScreen.storyboard */,
				874672EB2445648E004635B7 /* Info.plist */,
				87F9CDC2244E2AE800FAAF7D /* GoogleService-Info (1).plist */,
				874672E52445648E004635B7 /* Preview Content */,
				874672E124456483004635B7 /* FirstView.swift */,
				87D95DC5245765B600269B73 /* ListPage.swift */,
				87F29A95246A1BD900A284E0 /* Vote.swift */,
				87D95DC32457654500269B73 /* CandidatePage.swift */,
				8770B9B224609EBC00205FF0 /* EditableCandidatePage.swift */,
			);
			path = "Voting App 1";
			sourceTree = "<group>";
		};
		874672E52445648E004635B7 /* Preview Content */ = {
			isa = PBXGroup;
			children = (
				874672E62445648E004635B7 /* Preview Assets.xcassets */,
			);
			path = "Preview Content";
			sourceTree = "<group>";
		};
		FAC8BB3FE0A024975C6E3D46 /* Frameworks */ = {
			isa = PBXGroup;
			children = (
				C40E5D6F5AC58901CB92D60F /* Pods_Voting_App_1.framework */,
			);
			name = Frameworks;
			sourceTree = "<group>";
		};
/* End PBXGroup section */

/* Begin PBXNativeTarget section */
		874672D924456483004635B7 /* Voting App 1 */ = {
			isa = PBXNativeTarget;
			buildConfigurationList = 874672EE2445648E004635B7 /* Build configuration list for PBXNativeTarget "Voting App 1" */;
			buildPhases = (
				128A2B57FD7A666DBBBAE437 /* [CP] Check Pods Manifest.lock */,
				874672D624456483004635B7 /* Sources */,
				874672D724456483004635B7 /* Frameworks */,
				874672D824456483004635B7 /* Resources */,
				E3C069D931B91EEBB53623D1 /* [CP] Embed Pods Frameworks */,
				204F82A3B559FF789E2282B4 /* [CP] Copy Pods Resources */,
			);
			buildRules = (
			);
			dependencies = (
			);
			name = "Voting App 1";
			productName = "Voting App 1";
			productReference = 874672DA24456483004635B7 /* Voting App 1.app */;
			productType = "com.apple.product-type.application";
		};
/* End PBXNativeTarget section */

/* Begin PBXProject section */
		874672D224456482004635B7 /* Project object */ = {
			isa = PBXProject;
			attributes = {
				LastSwiftUpdateCheck = 1130;
				LastUpgradeCheck = 1130;
				ORGANIZATIONNAME = "Maya Fenelon";
				TargetAttributes = {
					874672D924456483004635B7 = {
						CreatedOnToolsVersion = 11.3.1;
					};
				};
			};
			buildConfigurationList = 874672D524456482004635B7 /* Build configuration list for PBXProject "Voting App 1" */;
			compatibilityVersion = "Xcode 9.3";
			developmentRegion = en;
			hasScannedForEncodings = 0;
			knownRegions = (
				en,
				Base,
			);
			mainGroup = 874672D124456482004635B7;
			productRefGroup = 874672DB24456483004635B7 /* Products */;
			projectDirPath = "";
			projectRoot = "";
			targets = (
				874672D924456483004635B7 /* Voting App 1 */,
			);
		};
/* End PBXProject section */

/* Begin PBXResourcesBuildPhase section */
		874672D824456483004635B7 /* Resources */ = {
			isa = PBXResourcesBuildPhase;
			buildActionMask = 2147483647;
			files = (
				874672EA2445648E004635B7 /* LaunchScreen.storyboard in Resources */,
				874672E72445648E004635B7 /* Preview Assets.xcassets in Resources */,
				874672E42445648E004635B7 /* Assets.xcassets in Resources */,
				87F9CDC3244E2AE800FAAF7D /* GoogleService-Info (1).plist in Resources */,
			);
			runOnlyForDeploymentPostprocessing = 0;
		};
/* End PBXResourcesBuildPhase section */

/* Begin PBXShellScriptBuildPhase section */
		128A2B57FD7A666DBBBAE437 /* [CP] Check Pods Manifest.lock */ = {
			isa = PBXShellScriptBuildPhase;
			buildActionMask = 2147483647;
			files = (
			);
			inputFileListPaths = (
			);
			inputPaths = (
				"${PODS_PODFILE_DIR_PATH}/Podfile.lock",
				"${PODS_ROOT}/Manifest.lock",
			);
			name = "[CP] Check Pods Manifest.lock";
			outputFileListPaths = (
			);
			outputPaths = (
				"$(DERIVED_FILE_DIR)/Pods-Voting App 1-checkManifestLockResult.txt",
			);
			runOnlyForDeploymentPostprocessing = 0;
			shellPath = /bin/sh;
			shellScript = "diff \"${PODS_PODFILE_DIR_PATH}/Podfile.lock\" \"${PODS_ROOT}/Manifest.lock\" > /dev/null\nif [ $? != 0 ] ; then\n    # print error to STDERR\n    echo \"error: The sandbox is not in sync with the Podfile.lock. Run 'pod install' or update your CocoaPods installation.\" >&2\n    exit 1\nfi\n# This output is used by Xcode 'outputs' to avoid re-running this script phase.\necho \"SUCCESS\" > \"${SCRIPT_OUTPUT_FILE_0}\"\n";
			showEnvVarsInLog = 0;
		};
		204F82A3B559FF789E2282B4 /* [CP] Copy Pods Resources */ = {
			isa = PBXShellScriptBuildPhase;
			buildActionMask = 2147483647;
			files = (
			);
			inputFileListPaths = (
				"${PODS_ROOT}/Target Support Files/Pods-Voting App 1/Pods-Voting App 1-resources-${CONFIGURATION}-input-files.xcfilelist",
			);
			name = "[CP] Copy Pods Resources";
			outputFileListPaths = (
				"${PODS_ROOT}/Target Support Files/Pods-Voting App 1/Pods-Voting App 1-resources-${CONFIGURATION}-output-files.xcfilelist",
			);
			runOnlyForDeploymentPostprocessing = 0;
			shellPath = /bin/sh;
			shellScript = "\"${PODS_ROOT}/Target Support Files/Pods-Voting App 1/Pods-Voting App 1-resources.sh\"\n";
			showEnvVarsInLog = 0;
		};
		E3C069D931B91EEBB53623D1 /* [CP] Embed Pods Frameworks */ = {
			isa = PBXShellScriptBuildPhase;
			buildActionMask = 2147483647;
			files = (
			);
			inputFileListPaths = (
				"${PODS_ROOT}/Target Support Files/Pods-Voting App 1/Pods-Voting App 1-frameworks-${CONFIGURATION}-input-files.xcfilelist",
			);
			name = "[CP] Embed Pods Frameworks";
			outputFileListPaths = (
				"${PODS_ROOT}/Target Support Files/Pods-Voting App 1/Pods-Voting App 1-frameworks-${CONFIGURATION}-output-files.xcfilelist",
			);
			runOnlyForDeploymentPostprocessing = 0;
			shellPath = /bin/sh;
			shellScript = "\"${PODS_ROOT}/Target Support Files/Pods-Voting App 1/Pods-Voting App 1-frameworks.sh\"\n";
			showEnvVarsInLog = 0;
		};
/* End PBXShellScriptBuildPhase section */

/* Begin PBXSourcesBuildPhase section */
		874672D624456483004635B7 /* Sources */ = {
			isa = PBXSourcesBuildPhase;
			buildActionMask = 2147483647;
			files = (
				8770B9B324609EBC00205FF0 /* EditableCandidatePage.swift in Sources */,
				87D95DC6245765B600269B73 /* ListPage.swift in Sources */,
				874672DE24456483004635B7 /* AppDelegate.swift in Sources */,
				87F29A96246A1BD900A284E0 /* Vote.swift in Sources */,
				874672E024456483004635B7 /* SceneDelegate.swift in Sources */,
				87D95DC42457654500269B73 /* CandidatePage.swift in Sources */,
				874672E224456483004635B7 /* FirstView.swift in Sources */,
				87F9CDC5244E57B900FAAF7D /* AppManager.swift in Sources */,
			);
			runOnlyForDeploymentPostprocessing = 0;
		};
/* End PBXSourcesBuildPhase section */

/* Begin PBXVariantGroup section */
		874672E82445648E004635B7 /* LaunchScreen.storyboard */ = {
			isa = PBXVariantGroup;
			children = (
				874672E92445648E004635B7 /* Base */,
			);
			name = LaunchScreen.storyboard;
			sourceTree = "<group>";
		};
/* End PBXVariantGroup section */

/* Begin XCBuildConfiguration section */
		874672EC2445648E004635B7 /* Debug */ = {
			isa = XCBuildConfiguration;
			buildSettings = {
				ALWAYS_SEARCH_USER_PATHS = NO;
				CLANG_ANALYZER_NONNULL = YES;
				CLANG_ANALYZER_NUMBER_OBJECT_CONVERSION = YES_AGGRESSIVE;
				CLANG_CXX_LANGUAGE_STANDARD = "gnu++14";
				CLANG_CXX_LIBRARY = "libc++";
				CLANG_ENABLE_MODULES = YES;
				CLANG_ENABLE_OBJC_ARC = YES;
				CLANG_ENABLE_OBJC_WEAK = YES;
				CLANG_WARN_BLOCK_CAPTURE_AUTORELEASING = YES;
				CLANG_WARN_BOOL_CONVERSION = YES;
				CLANG_WARN_COMMA = YES;
				CLANG_WARN_CONSTANT_CONVERSION = YES;
				CLANG_WARN_DEPRECATED_OBJC_IMPLEMENTATIONS = YES;
				CLANG_WARN_DIRECT_OBJC_ISA_USAGE = YES_ERROR;
				CLANG_WARN_DOCUMENTATION_COMMENTS = YES;
				CLANG_WARN_EMPTY_BODY = YES;
				CLANG_WARN_ENUM_CONVERSION = YES;
				CLANG_WARN_INFINITE_RECURSION = YES;
				CLANG_WARN_INT_CONVERSION = YES;
				CLANG_WARN_NON_LITERAL_NULL_CONVERSION = YES;
				CLANG_WARN_OBJC_IMPLICIT_RETAIN_SELF = YES;
				CLANG_WARN_OBJC_LITERAL_CONVERSION = YES;
				CLANG_WARN_OBJC_ROOT_CLASS = YES_ERROR;
				CLANG_WARN_RANGE_LOOP_ANALYSIS = YES;
				CLANG_WARN_STRICT_PROTOTYPES = YES;
				CLANG_WARN_SUSPICIOUS_MOVE = YES;
				CLANG_WARN_UNGUARDED_AVAILABILITY = YES_AGGRESSIVE;
				CLANG_WARN_UNREACHABLE_CODE = YES;
				CLANG_WARN__DUPLICATE_METHOD_MATCH = YES;
				COPY_PHASE_STRIP = NO;
				DEBUG_INFORMATION_FORMAT = dwarf;
				ENABLE_STRICT_OBJC_MSGSEND = YES;
				ENABLE_TESTABILITY = YES;
				GCC_C_LANGUAGE_STANDARD = gnu11;
				GCC_DYNAMIC_NO_PIC = NO;
				GCC_NO_COMMON_BLOCKS = YES;
				GCC_OPTIMIZATION_LEVEL = 0;
				GCC_PREPROCESSOR_DEFINITIONS = (
					"DEBUG=1",
					"$(inherited)",
				);
				GCC_WARN_64_TO_32_BIT_CONVERSION = YES;
				GCC_WARN_ABOUT_RETURN_TYPE = YES_ERROR;
				GCC_WARN_UNDECLARED_SELECTOR = YES;
				GCC_WARN_UNINITIALIZED_AUTOS = YES_AGGRESSIVE;
				GCC_WARN_UNUSED_FUNCTION = YES;
				GCC_WARN_UNUSED_VARIABLE = YES;
				IPHONEOS_DEPLOYMENT_TARGET = 13.2;
				MTL_ENABLE_DEBUG_INFO = INCLUDE_SOURCE;
				MTL_FAST_MATH = YES;
				ONLY_ACTIVE_ARCH = YES;
				SDKROOT = iphoneos;
				SWIFT_ACTIVE_COMPILATION_CONDITIONS = DEBUG;
				SWIFT_OPTIMIZATION_LEVEL = "-Onone";
			};
			name = Debug;
		};
		874672ED2445648E004635B7 /* Release */ = {
			isa = XCBuildConfiguration;
			buildSettings = {
				ALWAYS_SEARCH_USER_PATHS = NO;
				CLANG_ANALYZER_NONNULL = YES;
				CLANG_ANALYZER_NUMBER_OBJECT_CONVERSION = YES_AGGRESSIVE;
				CLANG_CXX_LANGUAGE_STANDARD = "gnu++14";
				CLANG_CXX_LIBRARY = "libc++";
				CLANG_ENABLE_MODULES = YES;
				CLANG_ENABLE_OBJC_ARC = YES;
				CLANG_ENABLE_OBJC_WEAK = YES;
				CLANG_WARN_BLOCK_CAPTURE_AUTORELEASING = YES;
				CLANG_WARN_BOOL_CONVERSION = YES;
				CLANG_WARN_COMMA = YES;
				CLANG_WARN_CONSTANT_CONVERSION = YES;
				CLANG_WARN_DEPRECATED_OBJC_IMPLEMENTATIONS = YES;
				CLANG_WARN_DIRECT_OBJC_ISA_USAGE = YES_ERROR;
				CLANG_WARN_DOCUMENTATION_COMMENTS = YES;
				CLANG_WARN_EMPTY_BODY = YES;
				CLANG_WARN_ENUM_CONVERSION = YES;
				CLANG_WARN_INFINITE_RECURSION = YES;
				CLANG_WARN_INT_CONVERSION = YES;
				CLANG_WARN_NON_LITERAL_NULL_CONVERSION = YES;
				CLANG_WARN_OBJC_IMPLICIT_RETAIN_SELF = YES;
				CLANG_WARN_OBJC_LITERAL_CONVERSION = YES;
				CLANG_WARN_OBJC_ROOT_CLASS = YES_ERROR;
				CLANG_WARN_RANGE_LOOP_ANALYSIS = YES;
				CLANG_WARN_STRICT_PROTOTYPES = YES;
				CLANG_WARN_SUSPICIOUS_MOVE = YES;
				CLANG_WARN_UNGUARDED_AVAILABILITY = YES_AGGRESSIVE;
				CLANG_WARN_UNREACHABLE_CODE = YES;
				CLANG_WARN__DUPLICATE_METHOD_MATCH = YES;
				COPY_PHASE_STRIP = NO;
				DEBUG_INFORMATION_FORMAT = "dwarf-with-dsym";
				ENABLE_NS_ASSERTIONS = NO;
				ENABLE_STRICT_OBJC_MSGSEND = YES;
				GCC_C_LANGUAGE_STANDARD = gnu11;
				GCC_NO_COMMON_BLOCKS = YES;
				GCC_WARN_64_TO_32_BIT_CONVERSION = YES;
				GCC_WARN_ABOUT_RETURN_TYPE = YES_ERROR;
				GCC_WARN_UNDECLARED_SELECTOR = YES;
				GCC_WARN_UNINITIALIZED_AUTOS = YES_AGGRESSIVE;
				GCC_WARN_UNUSED_FUNCTION = YES;
				GCC_WARN_UNUSED_VARIABLE = YES;
				IPHONEOS_DEPLOYMENT_TARGET = 13.2;
				MTL_ENABLE_DEBUG_INFO = NO;
				MTL_FAST_MATH = YES;
				SDKROOT = iphoneos;
				SWIFT_COMPILATION_MODE = wholemodule;
				SWIFT_OPTIMIZATION_LEVEL = "-O";
				VALIDATE_PRODUCT = YES;
			};
			name = Release;
		};
		874672EF2445648E004635B7 /* Debug */ = {
			isa = XCBuildConfiguration;
			baseConfigurationReference = 017EBA1053196772E152452E /* Pods-Voting App 1.debug.xcconfig */;
			buildSettings = {
				ASSETCATALOG_COMPILER_APPICON_NAME = AppIcon;
				CODE_SIGN_STYLE = Automatic;
				DEVELOPMENT_ASSET_PATHS = "\"Voting App 1/Preview Content\"";
				DEVELOPMENT_TEAM = N582TJ9X3R;
				ENABLE_PREVIEWS = YES;
				INFOPLIST_FILE = "Voting App 1/Info.plist";
				LD_RUNPATH_SEARCH_PATHS = (
					"$(inherited)",
					"@executable_path/Frameworks",
				);
				PRODUCT_BUNDLE_IDENTIFIER = "org.cate.cs.hmf.Voting-App-1";
				PRODUCT_NAME = "$(TARGET_NAME)";
				SWIFT_VERSION = 5.0;
				TARGETED_DEVICE_FAMILY = "1,2";
			};
			name = Debug;
		};
		874672F02445648E004635B7 /* Release */ = {
			isa = XCBuildConfiguration;
			baseConfigurationReference = 744EA944F5452EC2DAED189C /* Pods-Voting App 1.release.xcconfig */;
			buildSettings = {
				ASSETCATALOG_COMPILER_APPICON_NAME = AppIcon;
				CODE_SIGN_STYLE = Automatic;
				DEVELOPMENT_ASSET_PATHS = "\"Voting App 1/Preview Content\"";
				DEVELOPMENT_TEAM = N582TJ9X3R;
				ENABLE_PREVIEWS = YES;
				INFOPLIST_FILE = "Voting App 1/Info.plist";
				LD_RUNPATH_SEARCH_PATHS = (
					"$(inherited)",
					"@executable_path/Frameworks",
				);
				PRODUCT_BUNDLE_IDENTIFIER = "org.cate.cs.hmf.Voting-App-1";
				PRODUCT_NAME = "$(TARGET_NAME)";
				SWIFT_VERSION = 5.0;
				TARGETED_DEVICE_FAMILY = "1,2";
			};
			name = Release;
		};
/* End XCBuildConfiguration section */

/* Begin XCConfigurationList section */
		874672D524456482004635B7 /* Build configuration list for PBXProject "Voting App 1" */ = {
			isa = XCConfigurationList;
			buildConfigurations = (
				874672EC2445648E004635B7 /* Debug */,
				874672ED2445648E004635B7 /* Release */,
			);
			defaultConfigurationIsVisible = 0;
			defaultConfigurationName = Release;
		};
		874672EE2445648E004635B7 /* Build configuration list for PBXNativeTarget "Voting App 1" */ = {
			isa = XCConfigurationList;
			buildConfigurations = (
				874672EF2445648E004635B7 /* Debug */,
				874672F02445648E004635B7 /* Release */,
			);
			defaultConfigurationIsVisible = 0;
			defaultConfigurationName = Release;
		};
/* End XCConfigurationList section */
	};
	rootObject = 874672D224456482004635B7 /* Project object */;
}
